
Microsoft Visual Studio Solution File, Format Version 12.00
# Visual Studio 2015
Project("{FAE04EC0-301F-11D3-BF4B-00C04F79EFBC}") = "Wo_ist_meine_Band", "Wo_ist_meine_Band.csproj", "{5A286EF0-6169-E0EA-88A6-38756571F286}"
EndProject
Global
	GlobalSection(SolutionConfigurationPlatforms) = preSolution
		Debug|Any CPU = Debug|Any CPU
		Release|Any CPU = Release|Any CPU
	EndGlobalSection
	GlobalSection(ProjectConfigurationPlatforms) = postSolution
		{5A286EF0-6169-E0EA-88A6-38756571F286}.Debug|Any CPU.ActiveCfg = Debug|Any CPU
		{5A286EF0-6169-E0EA-88A6-38756571F286}.Debug|Any CPU.Build.0 = Debug|Any CPU
		{5A286EF0-6169-E0EA-88A6-38756571F286}.Release|Any CPU.ActiveCfg = Release|Any CPU
		{5A286EF0-6169-E0EA-88A6-38756571F286}.Release|Any CPU.Build.0 = Release|Any CPU
	EndGlobalSection
	GlobalSection(SolutionProperties) = preSolution
		HideSolutionNode = FALSE
	EndGlobalSection
EndGlobal
